
Microsoft Visual Studio Solution File, Format Version 12.00
# Visual Studio Version 16
VisualStudioVersion = 16.0.31515.178
MinimumVisualStudioVersion = 10.0.40219.1
Project("{FAE04EC0-301F-11D3-BF4B-00C04F79EFBC}") = "Atividade.Exceções.ContaBancaria", "Atividade.Exceções.ContaBancaria.csproj", "{4779F217-E496-499E-8BB5-A90FF0810E9A}"
EndProject
Global
	GlobalSection(SolutionConfigurationPlatforms) = preSolution
		Debug|Any CPU = Debug|Any CPU
		Release|Any CPU = Release|Any CPU
	EndGlobalSection
	GlobalSection(ProjectConfigurationPlatforms) = postSolution
		{4779F217-E496-499E-8BB5-A90FF0810E9A}.Debug|Any CPU.ActiveCfg = Debug|Any CPU
		{4779F217-E496-499E-8BB5-A90FF0810E9A}.Debug|Any CPU.Build.0 = Debug|Any CPU
		{4779F217-E496-499E-8BB5-A90FF0810E9A}.Release|Any CPU.ActiveCfg = Release|Any CPU
		{4779F217-E496-499E-8BB5-A90FF0810E9A}.Release|Any CPU.Build.0 = Release|Any CPU
	EndGlobalSection
	GlobalSection(SolutionProperties) = preSolution
		HideSolutionNode = FALSE
	EndGlobalSection
	GlobalSection(ExtensibilityGlobals) = postSolution
		SolutionGuid = {F63E2F18-82CF-42B6-9BC2-DA298E7DF439}
	EndGlobalSection
EndGlobal
